
Microsoft Visual Studio Solution File, Format Version 12.00
# Visual Studio 14
VisualStudioVersion = 14.0.23107.0
MinimumVisualStudioVersion = 10.0.40219.1
Project("{FAE04EC0-301F-11D3-BF4B-00C04F79EFBC}") = "SmartExpense.UI", "SmartExpense.UI\SmartExpense.UI.csproj", "{8C0B292D-8008-4C26-9C8D-7DE2FC285F1A}"
EndProject
Project("{FAE04EC0-301F-11D3-BF4B-00C04F79EFBC}") = "SmartExpense.UILogic", "SmartExpense.UILogic\SmartExpense.UILogic.csproj", "{C56FBB7E-3CC9-4630-93C1-D59F8A4AFDB9}"
EndProject
Project("{2150E333-8FDC-42A3-9474-1A3956D46DE8}") = "Test", "Test", "{905DB542-949B-4DFC-896F-38472E191624}"
EndProject
Project("{FAE04EC0-301F-11D3-BF4B-00C04F79EFBC}") = "SmartExpense.Tests", "SmartExpense.Tests\SmartExpense.Tests.csproj", "{E3105540-DF94-4D6F-90FB-C3F183EFCBFF}"
EndProject
Project("{FAE04EC0-301F-11D3-BF4B-00C04F79EFBC}") = "SmartExpense.Domain", "SmartExpense.Domain\SmartExpense.Domain.csproj", "{F3A517A3-FCE6-4658-8CA4-4C38920DF5BA}"
EndProject
Project("{2150E333-8FDC-42A3-9474-1A3956D46DE8}") = "Model", "Model", "{74F3C55A-3930-4B47-96A1-4CB806B74E41}"
EndProject
Project("{FAE04EC0-301F-11D3-BF4B-00C04F79EFBC}") = "SmartExpense.DataAccess", "SmartExpense.DataAccess\SmartExpense.DataAccess.csproj", "{E411A14E-C10E-49A9-A580-B5436ECE2D0E}"
EndProject
Global
	GlobalSection(SolutionConfigurationPlatforms) = preSolution
		Debug|Any CPU = Debug|Any CPU
		Debug|ARM = Debug|ARM
		Debug|x64 = Debug|x64
		Debug|x86 = Debug|x86
		Release|Any CPU = Release|Any CPU
		Release|ARM = Release|ARM
		Release|x64 = Release|x64
		Release|x86 = Release|x86
	EndGlobalSection
	GlobalSection(ProjectConfigurationPlatforms) = postSolution
		{8C0B292D-8008-4C26-9C8D-7DE2FC285F1A}.Debug|Any CPU.ActiveCfg = Debug|x86
		{8C0B292D-8008-4C26-9C8D-7DE2FC285F1A}.Debug|ARM.ActiveCfg = Debug|ARM
		{8C0B292D-8008-4C26-9C8D-7DE2FC285F1A}.Debug|ARM.Build.0 = Debug|ARM
		{8C0B292D-8008-4C26-9C8D-7DE2FC285F1A}.Debug|ARM.Deploy.0 = Debug|ARM
		{8C0B292D-8008-4C26-9C8D-7DE2FC285F1A}.Debug|x64.ActiveCfg = Debug|x64
		{8C0B292D-8008-4C26-9C8D-7DE2FC285F1A}.Debug|x64.Build.0 = Debug|x64
		{8C0B292D-8008-4C26-9C8D-7DE2FC285F1A}.Debug|x64.Deploy.0 = Debug|x64
		{8C0B292D-8008-4C26-9C8D-7DE2FC285F1A}.Debug|x86.ActiveCfg = Debug|x86
		{8C0B292D-8008-4C26-9C8D-7DE2FC285F1A}.Debug|x86.Build.0 = Debug|x86
		{8C0B292D-8008-4C26-9C8D-7DE2FC285F1A}.Debug|x86.Deploy.0 = Debug|x86
		{8C0B292D-8008-4C26-9C8D-7DE2FC285F1A}.Release|Any CPU.ActiveCfg = Release|x86
		{8C0B292D-8008-4C26-9C8D-7DE2FC285F1A}.Release|ARM.ActiveCfg = Release|ARM
		{8C0B292D-8008-4C26-9C8D-7DE2FC285F1A}.Release|ARM.Build.0 = Release|ARM
		{8C0B292D-8008-4C26-9C8D-7DE2FC285F1A}.Release|ARM.Deploy.0 = Release|ARM
		{8C0B292D-8008-4C26-9C8D-7DE2FC285F1A}.Release|x64.ActiveCfg = Release|x64
		{8C0B292D-8008-4C26-9C8D-7DE2FC285F1A}.Release|x64.Build.0 = Release|x64
		{8C0B292D-8008-4C26-9C8D-7DE2FC285F1A}.Release|x64.Deploy.0 = Release|x64
		{8C0B292D-8008-4C26-9C8D-7DE2FC285F1A}.Release|x86.ActiveCfg = Release|x86
		{8C0B292D-8008-4C26-9C8D-7DE2FC285F1A}.Release|x86.Build.0 = Release|x86
		{8C0B292D-8008-4C26-9C8D-7DE2FC285F1A}.Release|x86.Deploy.0 = Release|x86
		{C56FBB7E-3CC9-4630-93C1-D59F8A4AFDB9}.Debug|Any CPU.ActiveCfg = Debug|Any CPU
		{C56FBB7E-3CC9-4630-93C1-D59F8A4AFDB9}.Debug|Any CPU.Build.0 = Debug|Any CPU
		{C56FBB7E-3CC9-4630-93C1-D59F8A4AFDB9}.Debug|ARM.ActiveCfg = Debug|ARM
		{C56FBB7E-3CC9-4630-93C1-D59F8A4AFDB9}.Debug|ARM.Build.0 = Debug|ARM
		{C56FBB7E-3CC9-4630-93C1-D59F8A4AFDB9}.Debug|x64.ActiveCfg = Debug|x64
		{C56FBB7E-3CC9-4630-93C1-D59F8A4AFDB9}.Debug|x64.Build.0 = Debug|x64
		{C56FBB7E-3CC9-4630-93C1-D59F8A4AFDB9}.Debug|x86.ActiveCfg = Debug|x86
		{C56FBB7E-3CC9-4630-93C1-D59F8A4AFDB9}.Debug|x86.Build.0 = Debug|x86
		{C56FBB7E-3CC9-4630-93C1-D59F8A4AFDB9}.Release|Any CPU.ActiveCfg = Release|Any CPU
		{C56FBB7E-3CC9-4630-93C1-D59F8A4AFDB9}.Release|Any CPU.Build.0 = Release|Any CPU
		{C56FBB7E-3CC9-4630-93C1-D59F8A4AFDB9}.Release|ARM.ActiveCfg = Release|ARM
		{C56FBB7E-3CC9-4630-93C1-D59F8A4AFDB9}.Release|ARM.Build.0 = Release|ARM
		{C56FBB7E-3CC9-4630-93C1-D59F8A4AFDB9}.Release|x64.ActiveCfg = Release|x64
		{C56FBB7E-3CC9-4630-93C1-D59F8A4AFDB9}.Release|x64.Build.0 = Release|x64
		{C56FBB7E-3CC9-4630-93C1-D59F8A4AFDB9}.Release|x86.ActiveCfg = Release|x86
		{C56FBB7E-3CC9-4630-93C1-D59F8A4AFDB9}.Release|x86.Build.0 = Release|x86
		{E3105540-DF94-4D6F-90FB-C3F183EFCBFF}.Debug|Any CPU.ActiveCfg = Debug|Any CPU
		{E3105540-DF94-4D6F-90FB-C3F183EFCBFF}.Debug|Any CPU.Build.0 = Debug|Any CPU
		{E3105540-DF94-4D6F-90FB-C3F183EFCBFF}.Debug|ARM.ActiveCfg = Debug|ARM
		{E3105540-DF94-4D6F-90FB-C3F183EFCBFF}.Debug|ARM.Build.0 = Debug|ARM
		{E3105540-DF94-4D6F-90FB-C3F183EFCBFF}.Debug|x64.ActiveCfg = Debug|x64
		{E3105540-DF94-4D6F-90FB-C3F183EFCBFF}.Debug|x64.Build.0 = Debug|x64
		{E3105540-DF94-4D6F-90FB-C3F183EFCBFF}.Debug|x86.ActiveCfg = Debug|x86
		{E3105540-DF94-4D6F-90FB-C3F183EFCBFF}.Debug|x86.Build.0 = Debug|x86
		{E3105540-DF94-4D6F-90FB-C3F183EFCBFF}.Release|Any CPU.ActiveCfg = Release|Any CPU
		{E3105540-DF94-4D6F-90FB-C3F183EFCBFF}.Release|Any CPU.Build.0 = Release|Any CPU
		{E3105540-DF94-4D6F-90FB-C3F183EFCBFF}.Release|ARM.ActiveCfg = Release|ARM
		{E3105540-DF94-4D6F-90FB-C3F183EFCBFF}.Release|ARM.Build.0 = Release|ARM
		{E3105540-DF94-4D6F-90FB-C3F183EFCBFF}.Release|x64.ActiveCfg = Release|x64
		{E3105540-DF94-4D6F-90FB-C3F183EFCBFF}.Release|x64.Build.0 = Release|x64
		{E3105540-DF94-4D6F-90FB-C3F183EFCBFF}.Release|x86.ActiveCfg = Release|x86
		{E3105540-DF94-4D6F-90FB-C3F183EFCBFF}.Release|x86.Build.0 = Release|x86
		{F3A517A3-FCE6-4658-8CA4-4C38920DF5BA}.Debug|Any CPU.ActiveCfg = Debug|Any CPU
		{F3A517A3-FCE6-4658-8CA4-4C38920DF5BA}.Debug|Any CPU.Build.0 = Debug|Any CPU
		{F3A517A3-FCE6-4658-8CA4-4C38920DF5BA}.Debug|ARM.ActiveCfg = Debug|ARM
		{F3A517A3-FCE6-4658-8CA4-4C38920DF5BA}.Debug|ARM.Build.0 = Debug|ARM
		{F3A517A3-FCE6-4658-8CA4-4C38920DF5BA}.Debug|x64.ActiveCfg = Debug|x64
		{F3A517A3-FCE6-4658-8CA4-4C38920DF5BA}.Debug|x64.Build.0 = Debug|x64
		{F3A517A3-FCE6-4658-8CA4-4C38920DF5BA}.Debug|x86.ActiveCfg = Debug|x86
		{F3A517A3-FCE6-4658-8CA4-4C38920DF5BA}.Debug|x86.Build.0 = Debug|x86
		{F3A517A3-FCE6-4658-8CA4-4C38920DF5BA}.Release|Any CPU.ActiveCfg = Release|Any CPU
		{F3A517A3-FCE6-4658-8CA4-4C38920DF5BA}.Release|Any CPU.Build.0 = Release|Any CPU
		{F3A517A3-FCE6-4658-8CA4-4C38920DF5BA}.Release|ARM.ActiveCfg = Release|ARM
		{F3A517A3-FCE6-4658-8CA4-4C38920DF5BA}.Release|ARM.Build.0 = Release|ARM
		{F3A517A3-FCE6-4658-8CA4-4C38920DF5BA}.Release|x64.ActiveCfg = Release|x64
		{F3A517A3-FCE6-4658-8CA4-4C38920DF5BA}.Release|x64.Build.0 = Release|x64
		{F3A517A3-FCE6-4658-8CA4-4C38920DF5BA}.Release|x86.ActiveCfg = Release|x86
		{F3A517A3-FCE6-4658-8CA4-4C38920DF5BA}.Release|x86.Build.0 = Release|x86
		{E411A14E-C10E-49A9-A580-B5436ECE2D0E}.Debug|Any CPU.ActiveCfg = Debug|Any CPU
		{E411A14E-C10E-49A9-A580-B5436ECE2D0E}.Debug|Any CPU.Build.0 = Debug|Any CPU
		{E411A14E-C10E-49A9-A580-B5436ECE2D0E}.Debug|ARM.ActiveCfg = Debug|ARM
		{E411A14E-C10E-49A9-A580-B5436ECE2D0E}.Debug|ARM.Build.0 = Debug|ARM
		{E411A14E-C10E-49A9-A580-B5436ECE2D0E}.Debug|x64.ActiveCfg = Debug|x64
		{E411A14E-C10E-49A9-A580-B5436ECE2D0E}.Debug|x64.Build.0 = Debug|x64
		{E411A14E-C10E-49A9-A580-B5436ECE2D0E}.Debug|x86.ActiveCfg = Debug|x86
		{E411A14E-C10E-49A9-A580-B5436ECE2D0E}.Debug|x86.Build.0 = Debug|x86
		{E411A14E-C10E-49A9-A580-B5436ECE2D0E}.Release|Any CPU.ActiveCfg = Release|Any CPU
		{E411A14E-C10E-49A9-A580-B5436ECE2D0E}.Release|Any CPU.Build.0 = Release|Any CPU
		{E411A14E-C10E-49A9-A580-B5436ECE2D0E}.Release|ARM.ActiveCfg = Release|ARM
		{E411A14E-C10E-49A9-A580-B5436ECE2D0E}.Release|ARM.Build.0 = Release|ARM
		{E411A14E-C10E-49A9-A580-B5436ECE2D0E}.Release|x64.ActiveCfg = Release|x64
		{E411A14E-C10E-49A9-A580-B5436ECE2D0E}.Release|x64.Build.0 = Release|x64
		{E411A14E-C10E-49A9-A580-B5436ECE2D0E}.Release|x86.ActiveCfg = Release|x86
		{E411A14E-C10E-49A9-A580-B5436ECE2D0E}.Release|x86.Build.0 = Release|x86
	EndGlobalSection
	GlobalSection(SolutionProperties) = preSolution
		HideSolutionNode = FALSE
	EndGlobalSection
	GlobalSection(NestedProjects) = preSolution
		{E3105540-DF94-4D6F-90FB-C3F183EFCBFF} = {905DB542-949B-4DFC-896F-38472E191624}
		{F3A517A3-FCE6-4658-8CA4-4C38920DF5BA} = {74F3C55A-3930-4B47-96A1-4CB806B74E41}
		{E411A14E-C10E-49A9-A580-B5436ECE2D0E} = {74F3C55A-3930-4B47-96A1-4CB806B74E41}
	EndGlobalSection
EndGlobal
